
Microsoft Visual Studio Solution File, Format Version 12.00
# Visual Studio Version 17
VisualStudioVersion = 17.7.34031.279
MinimumVisualStudioVersion = 10.0.40219.1
Project("{2150E333-8FDC-42A3-9474-1A3956D46DE8}") = "Core", "Core", "{FB135B86-1310-4EC3-BD27-03A1ECD2E259}"
EndProject
Project("{2150E333-8FDC-42A3-9474-1A3956D46DE8}") = "Infrastructure", "Infrastructure", "{14AF009D-2DB0-454C-A3DD-85F57BD54010}"
EndProject
Project("{2150E333-8FDC-42A3-9474-1A3956D46DE8}") = "Presentation", "Presentation", "{EA904A1F-B6E8-426A-BA51-335DA9A7A6BD}"
EndProject
Project("{FAE04EC0-301F-11D3-BF4B-00C04F79EFBC}") = "BeatBurstMusic.Domain", "Core\BeatBurstMusic.Domain\BeatBurstMusic.Domain.csproj", "{30131DC8-8409-4FA3-89FD-179FE9F49E95}"
EndProject
Project("{FAE04EC0-301F-11D3-BF4B-00C04F79EFBC}") = "BeatBurstMusic.Persistance", "Infrastructure\BeatBurstMusic.Persistance\BeatBurstMusic.Persistance.csproj", "{F5FB9946-497F-4611-ADC8-A0DB47AD0879}"
EndProject
Project("{FAE04EC0-301F-11D3-BF4B-00C04F79EFBC}") = "BeatBurstMusic.MVC", "Presentation\BeatBurstMusic.MVC\BeatBurstMusic.MVC.csproj", "{B0FD2A84-962C-4D1E-95A5-7AEC7C0D2C68}"
EndProject
Global
	GlobalSection(SolutionConfigurationPlatforms) = preSolution
		Debug|Any CPU = Debug|Any CPU
		Release|Any CPU = Release|Any CPU
	EndGlobalSection
	GlobalSection(ProjectConfigurationPlatforms) = postSolution
		{30131DC8-8409-4FA3-89FD-179FE9F49E95}.Debug|Any CPU.ActiveCfg = Debug|Any CPU
		{30131DC8-8409-4FA3-89FD-179FE9F49E95}.Debug|Any CPU.Build.0 = Debug|Any CPU
		{30131DC8-8409-4FA3-89FD-179FE9F49E95}.Release|Any CPU.ActiveCfg = Release|Any CPU
		{30131DC8-8409-4FA3-89FD-179FE9F49E95}.Release|Any CPU.Build.0 = Release|Any CPU
		{F5FB9946-497F-4611-ADC8-A0DB47AD0879}.Debug|Any CPU.ActiveCfg = Debug|Any CPU
		{F5FB9946-497F-4611-ADC8-A0DB47AD0879}.Debug|Any CPU.Build.0 = Debug|Any CPU
		{F5FB9946-497F-4611-ADC8-A0DB47AD0879}.Release|Any CPU.ActiveCfg = Release|Any CPU
		{F5FB9946-497F-4611-ADC8-A0DB47AD0879}.Release|Any CPU.Build.0 = Release|Any CPU
		{B0FD2A84-962C-4D1E-95A5-7AEC7C0D2C68}.Debug|Any CPU.ActiveCfg = Debug|Any CPU
		{B0FD2A84-962C-4D1E-95A5-7AEC7C0D2C68}.Debug|Any CPU.Build.0 = Debug|Any CPU
		{B0FD2A84-962C-4D1E-95A5-7AEC7C0D2C68}.Release|Any CPU.ActiveCfg = Release|Any CPU
		{B0FD2A84-962C-4D1E-95A5-7AEC7C0D2C68}.Release|Any CPU.Build.0 = Release|Any CPU
	EndGlobalSection
	GlobalSection(SolutionProperties) = preSolution
		HideSolutionNode = FALSE
	EndGlobalSection
	GlobalSection(NestedProjects) = preSolution
		{30131DC8-8409-4FA3-89FD-179FE9F49E95} = {FB135B86-1310-4EC3-BD27-03A1ECD2E259}
		{F5FB9946-497F-4611-ADC8-A0DB47AD0879} = {14AF009D-2DB0-454C-A3DD-85F57BD54010}
		{B0FD2A84-962C-4D1E-95A5-7AEC7C0D2C68} = {EA904A1F-B6E8-426A-BA51-335DA9A7A6BD}
	EndGlobalSection
	GlobalSection(ExtensibilityGlobals) = postSolution
		SolutionGuid = {837E24C3-5F82-43FB-B84B-4304C3651A18}
	EndGlobalSection
EndGlobal
